
Microsoft Visual Studio Solution File, Format Version 12.00
# Visual Studio 14
VisualStudioVersion = 14.0.25420.1
MinimumVisualStudioVersion = 10.0.40219.1
Project("{8BC9CEB8-8B4A-11D0-8D11-00A0C91BC942}") = "ChooseSort", "ConsoleApplication1\ConsoleApplication1.vcxproj", "{334F6E2C-F390-423B-BCE0-9370C142E74A}"
EndProject
Project("{8BC9CEB8-8B4A-11D0-8D11-00A0C91BC942}") = "HeapSort", "HeapSort\HeapSort.vcxproj", "{B0516AAB-0EBB-409E-AC2B-2697974F93B7}"
EndProject
Project("{8BC9CEB8-8B4A-11D0-8D11-00A0C91BC942}") = "InsertSort", "InsertSort\InsertSort.vcxproj", "{94B42F8D-21A5-4323-B813-9DEF8809282E}"
EndProject
Project("{8BC9CEB8-8B4A-11D0-8D11-00A0C91BC942}") = "ShellSort", "ShellSort\ShellSort.vcxproj", "{79D8F1D4-BD92-4F03-B23C-1A2A3FACDE73}"
EndProject
Project("{8BC9CEB8-8B4A-11D0-8D11-00A0C91BC942}") = "BubbleSort", "BubbleSort\BubbleSort.vcxproj", "{805DA18D-B765-4D2C-9920-AE97E688D463}"
EndProject
Project("{8BC9CEB8-8B4A-11D0-8D11-00A0C91BC942}") = "MergeSort", "MergeSort\MergeSort.vcxproj", "{138E5A68-E239-46FB-8F83-6A7A23BAE028}"
EndProject
Project("{8BC9CEB8-8B4A-11D0-8D11-00A0C91BC942}") = "QuickSort", "QuickSort\QuickSort.vcxproj", "{2A478597-C38A-4050-8D3F-7ADF397D75AB}"
EndProject
Project("{8BC9CEB8-8B4A-11D0-8D11-00A0C91BC942}") = "TableSort", "TableSort\TableSort.vcxproj", "{D40EA7CB-9C1C-480C-8C83-5BF8E05F3BF3}"
EndProject
Project("{8BC9CEB8-8B4A-11D0-8D11-00A0C91BC942}") = "LSDRadixSort", "BucketSort\BucketSort.vcxproj", "{6CBC9359-F8A4-429A-A28E-61291358BC05}"
EndProject
Project("{8BC9CEB8-8B4A-11D0-8D11-00A0C91BC942}") = "ShangTangCoding", "ShangTangCoding\ShangTangCoding.vcxproj", "{09647DBD-0DF6-448D-9251-5F5D989F529C}"
EndProject
Project("{8BC9CEB8-8B4A-11D0-8D11-00A0C91BC942}") = "Week10_Q1", "Week10_Q1\Week10_Q1.vcxproj", "{CEEF029A-09A5-48A9-91A1-0ABF47CE71A6}"
EndProject
Project("{8BC9CEB8-8B4A-11D0-8D11-00A0C91BC942}") = "Week10_Q2", "Week10_Q2\Week10_Q2.vcxproj", "{A36E53BE-4AD9-4011-9134-EA6EA74D9222}"
EndProject
Global
	GlobalSection(SolutionConfigurationPlatforms) = preSolution
		Debug|x64 = Debug|x64
		Debug|x86 = Debug|x86
		Release|x64 = Release|x64
		Release|x86 = Release|x86
	EndGlobalSection
	GlobalSection(ProjectConfigurationPlatforms) = postSolution
		{334F6E2C-F390-423B-BCE0-9370C142E74A}.Debug|x64.ActiveCfg = Debug|x64
		{334F6E2C-F390-423B-BCE0-9370C142E74A}.Debug|x64.Build.0 = Debug|x64
		{334F6E2C-F390-423B-BCE0-9370C142E74A}.Debug|x86.ActiveCfg = Debug|Win32
		{334F6E2C-F390-423B-BCE0-9370C142E74A}.Debug|x86.Build.0 = Debug|Win32
		{334F6E2C-F390-423B-BCE0-9370C142E74A}.Release|x64.ActiveCfg = Release|x64
		{334F6E2C-F390-423B-BCE0-9370C142E74A}.Release|x64.Build.0 = Release|x64
		{334F6E2C-F390-423B-BCE0-9370C142E74A}.Release|x86.ActiveCfg = Release|Win32
		{334F6E2C-F390-423B-BCE0-9370C142E74A}.Release|x86.Build.0 = Release|Win32
		{B0516AAB-0EBB-409E-AC2B-2697974F93B7}.Debug|x64.ActiveCfg = Debug|x64
		{B0516AAB-0EBB-409E-AC2B-2697974F93B7}.Debug|x64.Build.0 = Debug|x64
		{B0516AAB-0EBB-409E-AC2B-2697974F93B7}.Debug|x86.ActiveCfg = Debug|Win32
		{B0516AAB-0EBB-409E-AC2B-2697974F93B7}.Debug|x86.Build.0 = Debug|Win32
		{B0516AAB-0EBB-409E-AC2B-2697974F93B7}.Release|x64.ActiveCfg = Release|x64
		{B0516AAB-0EBB-409E-AC2B-2697974F93B7}.Release|x64.Build.0 = Release|x64
		{B0516AAB-0EBB-409E-AC2B-2697974F93B7}.Release|x86.ActiveCfg = Release|Win32
		{B0516AAB-0EBB-409E-AC2B-2697974F93B7}.Release|x86.Build.0 = Release|Win32
		{94B42F8D-21A5-4323-B813-9DEF8809282E}.Debug|x64.ActiveCfg = Debug|x64
		{94B42F8D-21A5-4323-B813-9DEF8809282E}.Debug|x64.Build.0 = Debug|x64
		{94B42F8D-21A5-4323-B813-9DEF8809282E}.Debug|x86.ActiveCfg = Debug|Win32
		{94B42F8D-21A5-4323-B813-9DEF8809282E}.Debug|x86.Build.0 = Debug|Win32
		{94B42F8D-21A5-4323-B813-9DEF8809282E}.Release|x64.ActiveCfg = Release|x64
		{94B42F8D-21A5-4323-B813-9DEF8809282E}.Release|x64.Build.0 = Release|x64
		{94B42F8D-21A5-4323-B813-9DEF8809282E}.Release|x86.ActiveCfg = Release|Win32
		{94B42F8D-21A5-4323-B813-9DEF8809282E}.Release|x86.Build.0 = Release|Win32
		{79D8F1D4-BD92-4F03-B23C-1A2A3FACDE73}.Debug|x64.ActiveCfg = Debug|x64
		{79D8F1D4-BD92-4F03-B23C-1A2A3FACDE73}.Debug|x64.Build.0 = Debug|x64
		{79D8F1D4-BD92-4F03-B23C-1A2A3FACDE73}.Debug|x86.ActiveCfg = Debug|Win32
		{79D8F1D4-BD92-4F03-B23C-1A2A3FACDE73}.Debug|x86.Build.0 = Debug|Win32
		{79D8F1D4-BD92-4F03-B23C-1A2A3FACDE73}.Release|x64.ActiveCfg = Release|x64
		{79D8F1D4-BD92-4F03-B23C-1A2A3FACDE73}.Release|x64.Build.0 = Release|x64
		{79D8F1D4-BD92-4F03-B23C-1A2A3FACDE73}.Release|x86.ActiveCfg = Release|Win32
		{79D8F1D4-BD92-4F03-B23C-1A2A3FACDE73}.Release|x86.Build.0 = Release|Win32
		{805DA18D-B765-4D2C-9920-AE97E688D463}.Debug|x64.ActiveCfg = Debug|x64
		{805DA18D-B765-4D2C-9920-AE97E688D463}.Debug|x64.Build.0 = Debug|x64
		{805DA18D-B765-4D2C-9920-AE97E688D463}.Debug|x86.ActiveCfg = Debug|Win32
		{805DA18D-B765-4D2C-9920-AE97E688D463}.Debug|x86.Build.0 = Debug|Win32
		{805DA18D-B765-4D2C-9920-AE97E688D463}.Release|x64.ActiveCfg = Release|x64
		{805DA18D-B765-4D2C-9920-AE97E688D463}.Release|x64.Build.0 = Release|x64
		{805DA18D-B765-4D2C-9920-AE97E688D463}.Release|x86.ActiveCfg = Release|Win32
		{805DA18D-B765-4D2C-9920-AE97E688D463}.Release|x86.Build.0 = Release|Win32
		{138E5A68-E239-46FB-8F83-6A7A23BAE028}.Debug|x64.ActiveCfg = Debug|x64
		{138E5A68-E239-46FB-8F83-6A7A23BAE028}.Debug|x64.Build.0 = Debug|x64
		{138E5A68-E239-46FB-8F83-6A7A23BAE028}.Debug|x86.ActiveCfg = Debug|Win32
		{138E5A68-E239-46FB-8F83-6A7A23BAE028}.Debug|x86.Build.0 = Debug|Win32
		{138E5A68-E239-46FB-8F83-6A7A23BAE028}.Release|x64.ActiveCfg = Release|x64
		{138E5A68-E239-46FB-8F83-6A7A23BAE028}.Release|x64.Build.0 = Release|x64
		{138E5A68-E239-46FB-8F83-6A7A23BAE028}.Release|x86.ActiveCfg = Release|Win32
		{138E5A68-E239-46FB-8F83-6A7A23BAE028}.Release|x86.Build.0 = Release|Win32
		{2A478597-C38A-4050-8D3F-7ADF397D75AB}.Debug|x64.ActiveCfg = Debug|x64
		{2A478597-C38A-4050-8D3F-7ADF397D75AB}.Debug|x64.Build.0 = Debug|x64
		{2A478597-C38A-4050-8D3F-7ADF397D75AB}.Debug|x86.ActiveCfg = Debug|Win32
		{2A478597-C38A-4050-8D3F-7ADF397D75AB}.Debug|x86.Build.0 = Debug|Win32
		{2A478597-C38A-4050-8D3F-7ADF397D75AB}.Release|x64.ActiveCfg = Release|x64
		{2A478597-C38A-4050-8D3F-7ADF397D75AB}.Release|x64.Build.0 = Release|x64
		{2A478597-C38A-4050-8D3F-7ADF397D75AB}.Release|x86.ActiveCfg = Release|Win32
		{2A478597-C38A-4050-8D3F-7ADF397D75AB}.Release|x86.Build.0 = Release|Win32
		{D40EA7CB-9C1C-480C-8C83-5BF8E05F3BF3}.Debug|x64.ActiveCfg = Debug|x64
		{D40EA7CB-9C1C-480C-8C83-5BF8E05F3BF3}.Debug|x64.Build.0 = Debug|x64
		{D40EA7CB-9C1C-480C-8C83-5BF8E05F3BF3}.Debug|x86.ActiveCfg = Debug|Win32
		{D40EA7CB-9C1C-480C-8C83-5BF8E05F3BF3}.Debug|x86.Build.0 = Debug|Win32
		{D40EA7CB-9C1C-480C-8C83-5BF8E05F3BF3}.Release|x64.ActiveCfg = Release|x64
		{D40EA7CB-9C1C-480C-8C83-5BF8E05F3BF3}.Release|x64.Build.0 = Release|x64
		{D40EA7CB-9C1C-480C-8C83-5BF8E05F3BF3}.Release|x86.ActiveCfg = Release|Win32
		{D40EA7CB-9C1C-480C-8C83-5BF8E05F3BF3}.Release|x86.Build.0 = Release|Win32
		{6CBC9359-F8A4-429A-A28E-61291358BC05}.Debug|x64.ActiveCfg = Debug|x64
		{6CBC9359-F8A4-429A-A28E-61291358BC05}.Debug|x64.Build.0 = Debug|x64
		{6CBC9359-F8A4-429A-A28E-61291358BC05}.Debug|x86.ActiveCfg = Debug|Win32
		{6CBC9359-F8A4-429A-A28E-61291358BC05}.Debug|x86.Build.0 = Debug|Win32
		{6CBC9359-F8A4-429A-A28E-61291358BC05}.Release|x64.ActiveCfg = Release|x64
		{6CBC9359-F8A4-429A-A28E-61291358BC05}.Release|x64.Build.0 = Release|x64
		{6CBC9359-F8A4-429A-A28E-61291358BC05}.Release|x86.ActiveCfg = Release|Win32
		{6CBC9359-F8A4-429A-A28E-61291358BC05}.Release|x86.Build.0 = Release|Win32
		{09647DBD-0DF6-448D-9251-5F5D989F529C}.Debug|x64.ActiveCfg = Debug|x64
		{09647DBD-0DF6-448D-9251-5F5D989F529C}.Debug|x64.Build.0 = Debug|x64
		{09647DBD-0DF6-448D-9251-5F5D989F529C}.Debug|x86.ActiveCfg = Debug|Win32
		{09647DBD-0DF6-448D-9251-5F5D989F529C}.Debug|x86.Build.0 = Debug|Win32
		{09647DBD-0DF6-448D-9251-5F5D989F529C}.Release|x64.ActiveCfg = Release|x64
		{09647DBD-0DF6-448D-9251-5F5D989F529C}.Release|x64.Build.0 = Release|x64
		{09647DBD-0DF6-448D-9251-5F5D989F529C}.Release|x86.ActiveCfg = Release|Win32
		{09647DBD-0DF6-448D-9251-5F5D989F529C}.Release|x86.Build.0 = Release|Win32
		{CEEF029A-09A5-48A9-91A1-0ABF47CE71A6}.Debug|x64.ActiveCfg = Debug|x64
		{CEEF029A-09A5-48A9-91A1-0ABF47CE71A6}.Debug|x64.Build.0 = Debug|x64
		{CEEF029A-09A5-48A9-91A1-0ABF47CE71A6}.Debug|x86.ActiveCfg = Debug|Win32
		{CEEF029A-09A5-48A9-91A1-0ABF47CE71A6}.Debug|x86.Build.0 = Debug|Win32
		{CEEF029A-09A5-48A9-91A1-0ABF47CE71A6}.Release|x64.ActiveCfg = Release|x64
		{CEEF029A-09A5-48A9-91A1-0ABF47CE71A6}.Release|x64.Build.0 = Release|x64
		{CEEF029A-09A5-48A9-91A1-0ABF47CE71A6}.Release|x86.ActiveCfg = Release|Win32
		{CEEF029A-09A5-48A9-91A1-0ABF47CE71A6}.Release|x86.Build.0 = Release|Win32
		{A36E53BE-4AD9-4011-9134-EA6EA74D9222}.Debug|x64.ActiveCfg = Debug|x64
		{A36E53BE-4AD9-4011-9134-EA6EA74D9222}.Debug|x64.Build.0 = Debug|x64
		{A36E53BE-4AD9-4011-9134-EA6EA74D9222}.Debug|x86.ActiveCfg = Debug|Win32
		{A36E53BE-4AD9-4011-9134-EA6EA74D9222}.Debug|x86.Build.0 = Debug|Win32
		{A36E53BE-4AD9-4011-9134-EA6EA74D9222}.Release|x64.ActiveCfg = Release|x64
		{A36E53BE-4AD9-4011-9134-EA6EA74D9222}.Release|x64.Build.0 = Release|x64
		{A36E53BE-4AD9-4011-9134-EA6EA74D9222}.Release|x86.ActiveCfg = Release|Win32
		{A36E53BE-4AD9-4011-9134-EA6EA74D9222}.Release|x86.Build.0 = Release|Win32
	EndGlobalSection
	GlobalSection(SolutionProperties) = preSolution
		HideSolutionNode = FALSE
	EndGlobalSection
EndGlobal
