
Microsoft Visual Studio Solution File, Format Version 12.00
# Visual Studio 14
VisualStudioVersion = 14.0.25420.1
MinimumVisualStudioVersion = 10.0.40219.1
Project("{8BC9CEB8-8B4A-11D0-8D11-00A0C91BC942}") = "深度优先搜素", "深度优先搜素\深度优先搜素.vcxproj", "{888F79A0-FDE7-4BE8-900D-001BFFD6BC02}"
EndProject
Project("{8BC9CEB8-8B4A-11D0-8D11-00A0C91BC942}") = "P1019 单词接龙", "P1019 单词接龙\P1019 单词接龙.vcxproj", "{1323E4AC-1D31-4014-A709-579A0CF114D4}"
EndProject
Project("{8BC9CEB8-8B4A-11D0-8D11-00A0C91BC942}") = "P1101 单词方阵", "P1101 单词方阵\P1101 单词方阵.vcxproj", "{EE074B2F-8501-4ECB-BEC2-ECF07E0624A3}"
EndProject
Project("{8BC9CEB8-8B4A-11D0-8D11-00A0C91BC942}") = "P1605 迷宫", "P1605 迷宫\P1605 迷宫.vcxproj", "{465CBEE7-9A9C-4EC3-BADD-EBD339FD2A66}"
EndProject
Project("{8BC9CEB8-8B4A-11D0-8D11-00A0C91BC942}") = "P1605 迷宫2", "P1605 迷宫2\P1605 迷宫2.vcxproj", "{BE1FF7C4-805F-4078-BFC3-C50CA39C06B6}"
EndProject
Project("{8BC9CEB8-8B4A-11D0-8D11-00A0C91BC942}") = "P1040 加分二叉树", "P1040 加分二叉树\P1040 加分二叉树.vcxproj", "{BDF3C0C0-4A73-43C0-8AB5-C46E30E8541B}"
EndProject
Project("{8BC9CEB8-8B4A-11D0-8D11-00A0C91BC942}") = "P1092 虫食算", "P1092 虫食算\P1092 虫食算.vcxproj", "{E53E6EB1-936A-4914-904E-EE38AE07C428}"
EndProject
Project("{8BC9CEB8-8B4A-11D0-8D11-00A0C91BC942}") = "虫食算2", "虫食算2\虫食算2.vcxproj", "{9C67CE8D-D8CB-407F-B84F-C7656980B004}"
EndProject
Project("{8BC9CEB8-8B4A-11D0-8D11-00A0C91BC942}") = "P1162 填涂颜色", "P1162 填涂颜色\P1162 填涂颜色.vcxproj", "{EA763AF7-27E7-4249-8B24-F2EA8BADEA39}"
EndProject
Project("{8BC9CEB8-8B4A-11D0-8D11-00A0C91BC942}") = "P1162 填涂颜色BFS", "P1162 填涂颜色BFS\P1162 填涂颜色BFS.vcxproj", "{F07A8B45-4AFB-411E-B0F8-FC830BA5B5A3}"
EndProject
Project("{8BC9CEB8-8B4A-11D0-8D11-00A0C91BC942}") = "DFS复习练习", "DFS复习练习\DFS复习练习.vcxproj", "{A03FBB88-CD7C-4CB4-9F09-63116062D7F9}"
EndProject
Global
	GlobalSection(SolutionConfigurationPlatforms) = preSolution
		Debug|x64 = Debug|x64
		Debug|x86 = Debug|x86
		Release|x64 = Release|x64
		Release|x86 = Release|x86
	EndGlobalSection
	GlobalSection(ProjectConfigurationPlatforms) = postSolution
		{888F79A0-FDE7-4BE8-900D-001BFFD6BC02}.Debug|x64.ActiveCfg = Debug|x64
		{888F79A0-FDE7-4BE8-900D-001BFFD6BC02}.Debug|x64.Build.0 = Debug|x64
		{888F79A0-FDE7-4BE8-900D-001BFFD6BC02}.Debug|x86.ActiveCfg = Debug|Win32
		{888F79A0-FDE7-4BE8-900D-001BFFD6BC02}.Debug|x86.Build.0 = Debug|Win32
		{888F79A0-FDE7-4BE8-900D-001BFFD6BC02}.Release|x64.ActiveCfg = Release|x64
		{888F79A0-FDE7-4BE8-900D-001BFFD6BC02}.Release|x64.Build.0 = Release|x64
		{888F79A0-FDE7-4BE8-900D-001BFFD6BC02}.Release|x86.ActiveCfg = Release|Win32
		{888F79A0-FDE7-4BE8-900D-001BFFD6BC02}.Release|x86.Build.0 = Release|Win32
		{1323E4AC-1D31-4014-A709-579A0CF114D4}.Debug|x64.ActiveCfg = Debug|x64
		{1323E4AC-1D31-4014-A709-579A0CF114D4}.Debug|x64.Build.0 = Debug|x64
		{1323E4AC-1D31-4014-A709-579A0CF114D4}.Debug|x86.ActiveCfg = Debug|Win32
		{1323E4AC-1D31-4014-A709-579A0CF114D4}.Debug|x86.Build.0 = Debug|Win32
		{1323E4AC-1D31-4014-A709-579A0CF114D4}.Release|x64.ActiveCfg = Release|x64
		{1323E4AC-1D31-4014-A709-579A0CF114D4}.Release|x64.Build.0 = Release|x64
		{1323E4AC-1D31-4014-A709-579A0CF114D4}.Release|x86.ActiveCfg = Release|Win32
		{1323E4AC-1D31-4014-A709-579A0CF114D4}.Release|x86.Build.0 = Release|Win32
		{EE074B2F-8501-4ECB-BEC2-ECF07E0624A3}.Debug|x64.ActiveCfg = Debug|x64
		{EE074B2F-8501-4ECB-BEC2-ECF07E0624A3}.Debug|x64.Build.0 = Debug|x64
		{EE074B2F-8501-4ECB-BEC2-ECF07E0624A3}.Debug|x86.ActiveCfg = Debug|Win32
		{EE074B2F-8501-4ECB-BEC2-ECF07E0624A3}.Debug|x86.Build.0 = Debug|Win32
		{EE074B2F-8501-4ECB-BEC2-ECF07E0624A3}.Release|x64.ActiveCfg = Release|x64
		{EE074B2F-8501-4ECB-BEC2-ECF07E0624A3}.Release|x64.Build.0 = Release|x64
		{EE074B2F-8501-4ECB-BEC2-ECF07E0624A3}.Release|x86.ActiveCfg = Release|Win32
		{EE074B2F-8501-4ECB-BEC2-ECF07E0624A3}.Release|x86.Build.0 = Release|Win32
		{465CBEE7-9A9C-4EC3-BADD-EBD339FD2A66}.Debug|x64.ActiveCfg = Debug|x64
		{465CBEE7-9A9C-4EC3-BADD-EBD339FD2A66}.Debug|x64.Build.0 = Debug|x64
		{465CBEE7-9A9C-4EC3-BADD-EBD339FD2A66}.Debug|x86.ActiveCfg = Debug|Win32
		{465CBEE7-9A9C-4EC3-BADD-EBD339FD2A66}.Debug|x86.Build.0 = Debug|Win32
		{465CBEE7-9A9C-4EC3-BADD-EBD339FD2A66}.Release|x64.ActiveCfg = Release|x64
		{465CBEE7-9A9C-4EC3-BADD-EBD339FD2A66}.Release|x64.Build.0 = Release|x64
		{465CBEE7-9A9C-4EC3-BADD-EBD339FD2A66}.Release|x86.ActiveCfg = Release|Win32
		{465CBEE7-9A9C-4EC3-BADD-EBD339FD2A66}.Release|x86.Build.0 = Release|Win32
		{BE1FF7C4-805F-4078-BFC3-C50CA39C06B6}.Debug|x64.ActiveCfg = Debug|x64
		{BE1FF7C4-805F-4078-BFC3-C50CA39C06B6}.Debug|x64.Build.0 = Debug|x64
		{BE1FF7C4-805F-4078-BFC3-C50CA39C06B6}.Debug|x86.ActiveCfg = Debug|Win32
		{BE1FF7C4-805F-4078-BFC3-C50CA39C06B6}.Debug|x86.Build.0 = Debug|Win32
		{BE1FF7C4-805F-4078-BFC3-C50CA39C06B6}.Release|x64.ActiveCfg = Release|x64
		{BE1FF7C4-805F-4078-BFC3-C50CA39C06B6}.Release|x64.Build.0 = Release|x64
		{BE1FF7C4-805F-4078-BFC3-C50CA39C06B6}.Release|x86.ActiveCfg = Release|Win32
		{BE1FF7C4-805F-4078-BFC3-C50CA39C06B6}.Release|x86.Build.0 = Release|Win32
		{BDF3C0C0-4A73-43C0-8AB5-C46E30E8541B}.Debug|x64.ActiveCfg = Debug|x64
		{BDF3C0C0-4A73-43C0-8AB5-C46E30E8541B}.Debug|x64.Build.0 = Debug|x64
		{BDF3C0C0-4A73-43C0-8AB5-C46E30E8541B}.Debug|x86.ActiveCfg = Debug|Win32
		{BDF3C0C0-4A73-43C0-8AB5-C46E30E8541B}.Debug|x86.Build.0 = Debug|Win32
		{BDF3C0C0-4A73-43C0-8AB5-C46E30E8541B}.Release|x64.ActiveCfg = Release|x64
		{BDF3C0C0-4A73-43C0-8AB5-C46E30E8541B}.Release|x64.Build.0 = Release|x64
		{BDF3C0C0-4A73-43C0-8AB5-C46E30E8541B}.Release|x86.ActiveCfg = Release|Win32
		{BDF3C0C0-4A73-43C0-8AB5-C46E30E8541B}.Release|x86.Build.0 = Release|Win32
		{E53E6EB1-936A-4914-904E-EE38AE07C428}.Debug|x64.ActiveCfg = Debug|x64
		{E53E6EB1-936A-4914-904E-EE38AE07C428}.Debug|x64.Build.0 = Debug|x64
		{E53E6EB1-936A-4914-904E-EE38AE07C428}.Debug|x86.ActiveCfg = Debug|Win32
		{E53E6EB1-936A-4914-904E-EE38AE07C428}.Debug|x86.Build.0 = Debug|Win32
		{E53E6EB1-936A-4914-904E-EE38AE07C428}.Release|x64.ActiveCfg = Release|x64
		{E53E6EB1-936A-4914-904E-EE38AE07C428}.Release|x64.Build.0 = Release|x64
		{E53E6EB1-936A-4914-904E-EE38AE07C428}.Release|x86.ActiveCfg = Release|Win32
		{E53E6EB1-936A-4914-904E-EE38AE07C428}.Release|x86.Build.0 = Release|Win32
		{9C67CE8D-D8CB-407F-B84F-C7656980B004}.Debug|x64.ActiveCfg = Debug|x64
		{9C67CE8D-D8CB-407F-B84F-C7656980B004}.Debug|x64.Build.0 = Debug|x64
		{9C67CE8D-D8CB-407F-B84F-C7656980B004}.Debug|x86.ActiveCfg = Debug|Win32
		{9C67CE8D-D8CB-407F-B84F-C7656980B004}.Debug|x86.Build.0 = Debug|Win32
		{9C67CE8D-D8CB-407F-B84F-C7656980B004}.Release|x64.ActiveCfg = Release|x64
		{9C67CE8D-D8CB-407F-B84F-C7656980B004}.Release|x64.Build.0 = Release|x64
		{9C67CE8D-D8CB-407F-B84F-C7656980B004}.Release|x86.ActiveCfg = Release|Win32
		{9C67CE8D-D8CB-407F-B84F-C7656980B004}.Release|x86.Build.0 = Release|Win32
		{EA763AF7-27E7-4249-8B24-F2EA8BADEA39}.Debug|x64.ActiveCfg = Debug|x64
		{EA763AF7-27E7-4249-8B24-F2EA8BADEA39}.Debug|x64.Build.0 = Debug|x64
		{EA763AF7-27E7-4249-8B24-F2EA8BADEA39}.Debug|x86.ActiveCfg = Debug|Win32
		{EA763AF7-27E7-4249-8B24-F2EA8BADEA39}.Debug|x86.Build.0 = Debug|Win32
		{EA763AF7-27E7-4249-8B24-F2EA8BADEA39}.Release|x64.ActiveCfg = Release|x64
		{EA763AF7-27E7-4249-8B24-F2EA8BADEA39}.Release|x64.Build.0 = Release|x64
		{EA763AF7-27E7-4249-8B24-F2EA8BADEA39}.Release|x86.ActiveCfg = Release|Win32
		{EA763AF7-27E7-4249-8B24-F2EA8BADEA39}.Release|x86.Build.0 = Release|Win32
		{F07A8B45-4AFB-411E-B0F8-FC830BA5B5A3}.Debug|x64.ActiveCfg = Debug|x64
		{F07A8B45-4AFB-411E-B0F8-FC830BA5B5A3}.Debug|x64.Build.0 = Debug|x64
		{F07A8B45-4AFB-411E-B0F8-FC830BA5B5A3}.Debug|x86.ActiveCfg = Debug|Win32
		{F07A8B45-4AFB-411E-B0F8-FC830BA5B5A3}.Debug|x86.Build.0 = Debug|Win32
		{F07A8B45-4AFB-411E-B0F8-FC830BA5B5A3}.Release|x64.ActiveCfg = Release|x64
		{F07A8B45-4AFB-411E-B0F8-FC830BA5B5A3}.Release|x64.Build.0 = Release|x64
		{F07A8B45-4AFB-411E-B0F8-FC830BA5B5A3}.Release|x86.ActiveCfg = Release|Win32
		{F07A8B45-4AFB-411E-B0F8-FC830BA5B5A3}.Release|x86.Build.0 = Release|Win32
		{A03FBB88-CD7C-4CB4-9F09-63116062D7F9}.Debug|x64.ActiveCfg = Debug|x64
		{A03FBB88-CD7C-4CB4-9F09-63116062D7F9}.Debug|x64.Build.0 = Debug|x64
		{A03FBB88-CD7C-4CB4-9F09-63116062D7F9}.Debug|x86.ActiveCfg = Debug|Win32
		{A03FBB88-CD7C-4CB4-9F09-63116062D7F9}.Debug|x86.Build.0 = Debug|Win32
		{A03FBB88-CD7C-4CB4-9F09-63116062D7F9}.Release|x64.ActiveCfg = Release|x64
		{A03FBB88-CD7C-4CB4-9F09-63116062D7F9}.Release|x64.Build.0 = Release|x64
		{A03FBB88-CD7C-4CB4-9F09-63116062D7F9}.Release|x86.ActiveCfg = Release|Win32
		{A03FBB88-CD7C-4CB4-9F09-63116062D7F9}.Release|x86.Build.0 = Release|Win32
	EndGlobalSection
	GlobalSection(SolutionProperties) = preSolution
		HideSolutionNode = FALSE
	EndGlobalSection
EndGlobal
