
Microsoft Visual Studio Solution File, Format Version 12.00
# Visual Studio 14
VisualStudioVersion = 14.0.25420.1
MinimumVisualStudioVersion = 10.0.40219.1
Project("{8BC9CEB8-8B4A-11D0-8D11-00A0C91BC942}") = "多维DP", "多维DP\多维DP.vcxproj", "{80B75DDC-B56D-49F1-AFB7-B2A42973B55E}"
EndProject
Project("{8BC9CEB8-8B4A-11D0-8D11-00A0C91BC942}") = "P1006 传纸条", "P1006 传纸条\P1006 传纸条.vcxproj", "{216BB55F-64E9-480F-BFDB-52E8026F9B18}"
EndProject
Project("{8BC9CEB8-8B4A-11D0-8D11-00A0C91BC942}") = "P1387 最大正方形", "P1387 最大正方形\P1387 最大正方形.vcxproj", "{0C7AF8F8-2176-447E-AB0C-F8FE02F2BAC3}"
EndProject
Project("{8BC9CEB8-8B4A-11D0-8D11-00A0C91BC942}") = "P1004 方格取数", "P1004 方格取数\P1004 方格取数.vcxproj", "{CD5EC9EC-E717-4FAA-8BAE-3F269EF70127}"
EndProject
Project("{8BC9CEB8-8B4A-11D0-8D11-00A0C91BC942}") = "P1006 传纸条2", "P1006 传纸条2\P1006 传纸条2.vcxproj", "{B1395DCD-DFE2-4CC6-8DF5-69969EC5C93F}"
EndProject
Project("{8BC9CEB8-8B4A-11D0-8D11-00A0C91BC942}") = "P1417 烹调方案", "P1417 烹调方案\P1417 烹调方案.vcxproj", "{72DC121B-1A5F-4921-9D84-94BD709C4B31}"
EndProject
Project("{8BC9CEB8-8B4A-11D0-8D11-00A0C91BC942}") = "P1855 榨取kkksc03", "P1855 榨取kkksc03\P1855 榨取kkksc03.vcxproj", "{C395B10D-1B87-4A2C-A1B0-0D46F4B73126}"
EndProject
Project("{8BC9CEB8-8B4A-11D0-8D11-00A0C91BC942}") = "P1855 榨取kkksc03 其他写法", "P1855 榨取kkksc03 其他写法\P1855 榨取kkksc03 其他写法.vcxproj", "{081924D7-76A1-429A-8388-685759D6FB6E}"
EndProject
Project("{8BC9CEB8-8B4A-11D0-8D11-00A0C91BC942}") = "P1736 创意吃鱼法 题解", "P1736 创意吃鱼法 题解\P1736 创意吃鱼法 题解.vcxproj", "{BCB106E7-2213-4C75-847D-6CDFCBDD1E4B}"
EndProject
Global
	GlobalSection(SolutionConfigurationPlatforms) = preSolution
		Debug|x64 = Debug|x64
		Debug|x86 = Debug|x86
		Release|x64 = Release|x64
		Release|x86 = Release|x86
	EndGlobalSection
	GlobalSection(ProjectConfigurationPlatforms) = postSolution
		{80B75DDC-B56D-49F1-AFB7-B2A42973B55E}.Debug|x64.ActiveCfg = Debug|x64
		{80B75DDC-B56D-49F1-AFB7-B2A42973B55E}.Debug|x64.Build.0 = Debug|x64
		{80B75DDC-B56D-49F1-AFB7-B2A42973B55E}.Debug|x86.ActiveCfg = Debug|Win32
		{80B75DDC-B56D-49F1-AFB7-B2A42973B55E}.Debug|x86.Build.0 = Debug|Win32
		{80B75DDC-B56D-49F1-AFB7-B2A42973B55E}.Release|x64.ActiveCfg = Release|x64
		{80B75DDC-B56D-49F1-AFB7-B2A42973B55E}.Release|x64.Build.0 = Release|x64
		{80B75DDC-B56D-49F1-AFB7-B2A42973B55E}.Release|x86.ActiveCfg = Release|Win32
		{80B75DDC-B56D-49F1-AFB7-B2A42973B55E}.Release|x86.Build.0 = Release|Win32
		{216BB55F-64E9-480F-BFDB-52E8026F9B18}.Debug|x64.ActiveCfg = Debug|x64
		{216BB55F-64E9-480F-BFDB-52E8026F9B18}.Debug|x64.Build.0 = Debug|x64
		{216BB55F-64E9-480F-BFDB-52E8026F9B18}.Debug|x86.ActiveCfg = Debug|Win32
		{216BB55F-64E9-480F-BFDB-52E8026F9B18}.Debug|x86.Build.0 = Debug|Win32
		{216BB55F-64E9-480F-BFDB-52E8026F9B18}.Release|x64.ActiveCfg = Release|x64
		{216BB55F-64E9-480F-BFDB-52E8026F9B18}.Release|x64.Build.0 = Release|x64
		{216BB55F-64E9-480F-BFDB-52E8026F9B18}.Release|x86.ActiveCfg = Release|Win32
		{216BB55F-64E9-480F-BFDB-52E8026F9B18}.Release|x86.Build.0 = Release|Win32
		{0C7AF8F8-2176-447E-AB0C-F8FE02F2BAC3}.Debug|x64.ActiveCfg = Debug|x64
		{0C7AF8F8-2176-447E-AB0C-F8FE02F2BAC3}.Debug|x64.Build.0 = Debug|x64
		{0C7AF8F8-2176-447E-AB0C-F8FE02F2BAC3}.Debug|x86.ActiveCfg = Debug|Win32
		{0C7AF8F8-2176-447E-AB0C-F8FE02F2BAC3}.Debug|x86.Build.0 = Debug|Win32
		{0C7AF8F8-2176-447E-AB0C-F8FE02F2BAC3}.Release|x64.ActiveCfg = Release|x64
		{0C7AF8F8-2176-447E-AB0C-F8FE02F2BAC3}.Release|x64.Build.0 = Release|x64
		{0C7AF8F8-2176-447E-AB0C-F8FE02F2BAC3}.Release|x86.ActiveCfg = Release|Win32
		{0C7AF8F8-2176-447E-AB0C-F8FE02F2BAC3}.Release|x86.Build.0 = Release|Win32
		{CD5EC9EC-E717-4FAA-8BAE-3F269EF70127}.Debug|x64.ActiveCfg = Debug|x64
		{CD5EC9EC-E717-4FAA-8BAE-3F269EF70127}.Debug|x64.Build.0 = Debug|x64
		{CD5EC9EC-E717-4FAA-8BAE-3F269EF70127}.Debug|x86.ActiveCfg = Debug|Win32
		{CD5EC9EC-E717-4FAA-8BAE-3F269EF70127}.Debug|x86.Build.0 = Debug|Win32
		{CD5EC9EC-E717-4FAA-8BAE-3F269EF70127}.Release|x64.ActiveCfg = Release|x64
		{CD5EC9EC-E717-4FAA-8BAE-3F269EF70127}.Release|x64.Build.0 = Release|x64
		{CD5EC9EC-E717-4FAA-8BAE-3F269EF70127}.Release|x86.ActiveCfg = Release|Win32
		{CD5EC9EC-E717-4FAA-8BAE-3F269EF70127}.Release|x86.Build.0 = Release|Win32
		{B1395DCD-DFE2-4CC6-8DF5-69969EC5C93F}.Debug|x64.ActiveCfg = Debug|x64
		{B1395DCD-DFE2-4CC6-8DF5-69969EC5C93F}.Debug|x64.Build.0 = Debug|x64
		{B1395DCD-DFE2-4CC6-8DF5-69969EC5C93F}.Debug|x86.ActiveCfg = Debug|Win32
		{B1395DCD-DFE2-4CC6-8DF5-69969EC5C93F}.Debug|x86.Build.0 = Debug|Win32
		{B1395DCD-DFE2-4CC6-8DF5-69969EC5C93F}.Release|x64.ActiveCfg = Release|x64
		{B1395DCD-DFE2-4CC6-8DF5-69969EC5C93F}.Release|x64.Build.0 = Release|x64
		{B1395DCD-DFE2-4CC6-8DF5-69969EC5C93F}.Release|x86.ActiveCfg = Release|Win32
		{B1395DCD-DFE2-4CC6-8DF5-69969EC5C93F}.Release|x86.Build.0 = Release|Win32
		{72DC121B-1A5F-4921-9D84-94BD709C4B31}.Debug|x64.ActiveCfg = Debug|x64
		{72DC121B-1A5F-4921-9D84-94BD709C4B31}.Debug|x64.Build.0 = Debug|x64
		{72DC121B-1A5F-4921-9D84-94BD709C4B31}.Debug|x86.ActiveCfg = Debug|Win32
		{72DC121B-1A5F-4921-9D84-94BD709C4B31}.Debug|x86.Build.0 = Debug|Win32
		{72DC121B-1A5F-4921-9D84-94BD709C4B31}.Release|x64.ActiveCfg = Release|x64
		{72DC121B-1A5F-4921-9D84-94BD709C4B31}.Release|x64.Build.0 = Release|x64
		{72DC121B-1A5F-4921-9D84-94BD709C4B31}.Release|x86.ActiveCfg = Release|Win32
		{72DC121B-1A5F-4921-9D84-94BD709C4B31}.Release|x86.Build.0 = Release|Win32
		{C395B10D-1B87-4A2C-A1B0-0D46F4B73126}.Debug|x64.ActiveCfg = Debug|x64
		{C395B10D-1B87-4A2C-A1B0-0D46F4B73126}.Debug|x64.Build.0 = Debug|x64
		{C395B10D-1B87-4A2C-A1B0-0D46F4B73126}.Debug|x86.ActiveCfg = Debug|Win32
		{C395B10D-1B87-4A2C-A1B0-0D46F4B73126}.Debug|x86.Build.0 = Debug|Win32
		{C395B10D-1B87-4A2C-A1B0-0D46F4B73126}.Release|x64.ActiveCfg = Release|x64
		{C395B10D-1B87-4A2C-A1B0-0D46F4B73126}.Release|x64.Build.0 = Release|x64
		{C395B10D-1B87-4A2C-A1B0-0D46F4B73126}.Release|x86.ActiveCfg = Release|Win32
		{C395B10D-1B87-4A2C-A1B0-0D46F4B73126}.Release|x86.Build.0 = Release|Win32
		{081924D7-76A1-429A-8388-685759D6FB6E}.Debug|x64.ActiveCfg = Debug|x64
		{081924D7-76A1-429A-8388-685759D6FB6E}.Debug|x64.Build.0 = Debug|x64
		{081924D7-76A1-429A-8388-685759D6FB6E}.Debug|x86.ActiveCfg = Debug|Win32
		{081924D7-76A1-429A-8388-685759D6FB6E}.Debug|x86.Build.0 = Debug|Win32
		{081924D7-76A1-429A-8388-685759D6FB6E}.Release|x64.ActiveCfg = Release|x64
		{081924D7-76A1-429A-8388-685759D6FB6E}.Release|x64.Build.0 = Release|x64
		{081924D7-76A1-429A-8388-685759D6FB6E}.Release|x86.ActiveCfg = Release|Win32
		{081924D7-76A1-429A-8388-685759D6FB6E}.Release|x86.Build.0 = Release|Win32
		{BCB106E7-2213-4C75-847D-6CDFCBDD1E4B}.Debug|x64.ActiveCfg = Debug|x64
		{BCB106E7-2213-4C75-847D-6CDFCBDD1E4B}.Debug|x64.Build.0 = Debug|x64
		{BCB106E7-2213-4C75-847D-6CDFCBDD1E4B}.Debug|x86.ActiveCfg = Debug|Win32
		{BCB106E7-2213-4C75-847D-6CDFCBDD1E4B}.Debug|x86.Build.0 = Debug|Win32
		{BCB106E7-2213-4C75-847D-6CDFCBDD1E4B}.Release|x64.ActiveCfg = Release|x64
		{BCB106E7-2213-4C75-847D-6CDFCBDD1E4B}.Release|x64.Build.0 = Release|x64
		{BCB106E7-2213-4C75-847D-6CDFCBDD1E4B}.Release|x86.ActiveCfg = Release|Win32
		{BCB106E7-2213-4C75-847D-6CDFCBDD1E4B}.Release|x86.Build.0 = Release|Win32
	EndGlobalSection
	GlobalSection(SolutionProperties) = preSolution
		HideSolutionNode = FALSE
	EndGlobalSection
EndGlobal
