
Microsoft Visual Studio Solution File, Format Version 12.00
# Visual Studio 14
VisualStudioVersion = 14.0.25420.1
MinimumVisualStudioVersion = 10.0.40219.1
Project("{8BC9CEB8-8B4A-11D0-8D11-00A0C91BC942}") = "P1060 开心的金明", "P1060 开心的金明\P1060 开心的金明.vcxproj", "{96AD6420-A357-44B6-BC03-AA8213FFCF01}"
EndProject
Project("{8BC9CEB8-8B4A-11D0-8D11-00A0C91BC942}") = "P1048 采药", "P1048 采药\P1048 采药.vcxproj", "{0E08BDCD-A0F3-4689-9AD1-82300C0A66C4}"
EndProject
Project("{8BC9CEB8-8B4A-11D0-8D11-00A0C91BC942}") = "P1164 小A点菜", "P1164 小A点菜\P1164 小A点菜.vcxproj", "{CCF70A79-1AD5-43EB-BE98-963C8D7A8FCD}"
EndProject
Project("{8BC9CEB8-8B4A-11D0-8D11-00A0C91BC942}") = "P1064 金明的预算方案", "P1064 金明的预算方案\P1064 金明的预算方案.vcxproj", "{6D6956C6-8DFA-43EA-B6E5-72017E8EB2F4}"
EndProject
Project("{8BC9CEB8-8B4A-11D0-8D11-00A0C91BC942}") = "P1757 通天之分组背包", "P1757 通天之分组背包\P1757 通天之分组背包.vcxproj", "{1C54FF55-442B-4771-8DBF-C2347A76CEC6}"
EndProject
Project("{8BC9CEB8-8B4A-11D0-8D11-00A0C91BC942}") = "P1064 金明2", "P1064 金明2\P1064 金明2.vcxproj", "{9BB458F3-FF1B-4B38-8360-4F67A1169AD4}"
EndProject
Project("{8BC9CEB8-8B4A-11D0-8D11-00A0C91BC942}") = "P1049 装箱问题", "P1049 装箱问题\P1049 装箱问题.vcxproj", "{5E9796D6-6943-45C7-ADC1-23174A2F0D63}"
EndProject
Project("{8BC9CEB8-8B4A-11D0-8D11-00A0C91BC942}") = "P1616 疯狂的采药", "P1616 疯狂的采药\P1616 疯狂的采药.vcxproj", "{BF001B77-449A-4598-8534-1E828879B942}"
EndProject
Global
	GlobalSection(SolutionConfigurationPlatforms) = preSolution
		Debug|x64 = Debug|x64
		Debug|x86 = Debug|x86
		Release|x64 = Release|x64
		Release|x86 = Release|x86
	EndGlobalSection
	GlobalSection(ProjectConfigurationPlatforms) = postSolution
		{96AD6420-A357-44B6-BC03-AA8213FFCF01}.Debug|x64.ActiveCfg = Debug|x64
		{96AD6420-A357-44B6-BC03-AA8213FFCF01}.Debug|x64.Build.0 = Debug|x64
		{96AD6420-A357-44B6-BC03-AA8213FFCF01}.Debug|x86.ActiveCfg = Debug|Win32
		{96AD6420-A357-44B6-BC03-AA8213FFCF01}.Debug|x86.Build.0 = Debug|Win32
		{96AD6420-A357-44B6-BC03-AA8213FFCF01}.Release|x64.ActiveCfg = Release|x64
		{96AD6420-A357-44B6-BC03-AA8213FFCF01}.Release|x64.Build.0 = Release|x64
		{96AD6420-A357-44B6-BC03-AA8213FFCF01}.Release|x86.ActiveCfg = Release|Win32
		{96AD6420-A357-44B6-BC03-AA8213FFCF01}.Release|x86.Build.0 = Release|Win32
		{0E08BDCD-A0F3-4689-9AD1-82300C0A66C4}.Debug|x64.ActiveCfg = Debug|x64
		{0E08BDCD-A0F3-4689-9AD1-82300C0A66C4}.Debug|x64.Build.0 = Debug|x64
		{0E08BDCD-A0F3-4689-9AD1-82300C0A66C4}.Debug|x86.ActiveCfg = Debug|Win32
		{0E08BDCD-A0F3-4689-9AD1-82300C0A66C4}.Debug|x86.Build.0 = Debug|Win32
		{0E08BDCD-A0F3-4689-9AD1-82300C0A66C4}.Release|x64.ActiveCfg = Release|x64
		{0E08BDCD-A0F3-4689-9AD1-82300C0A66C4}.Release|x64.Build.0 = Release|x64
		{0E08BDCD-A0F3-4689-9AD1-82300C0A66C4}.Release|x86.ActiveCfg = Release|Win32
		{0E08BDCD-A0F3-4689-9AD1-82300C0A66C4}.Release|x86.Build.0 = Release|Win32
		{CCF70A79-1AD5-43EB-BE98-963C8D7A8FCD}.Debug|x64.ActiveCfg = Debug|x64
		{CCF70A79-1AD5-43EB-BE98-963C8D7A8FCD}.Debug|x64.Build.0 = Debug|x64
		{CCF70A79-1AD5-43EB-BE98-963C8D7A8FCD}.Debug|x86.ActiveCfg = Debug|Win32
		{CCF70A79-1AD5-43EB-BE98-963C8D7A8FCD}.Debug|x86.Build.0 = Debug|Win32
		{CCF70A79-1AD5-43EB-BE98-963C8D7A8FCD}.Release|x64.ActiveCfg = Release|x64
		{CCF70A79-1AD5-43EB-BE98-963C8D7A8FCD}.Release|x64.Build.0 = Release|x64
		{CCF70A79-1AD5-43EB-BE98-963C8D7A8FCD}.Release|x86.ActiveCfg = Release|Win32
		{CCF70A79-1AD5-43EB-BE98-963C8D7A8FCD}.Release|x86.Build.0 = Release|Win32
		{6D6956C6-8DFA-43EA-B6E5-72017E8EB2F4}.Debug|x64.ActiveCfg = Debug|x64
		{6D6956C6-8DFA-43EA-B6E5-72017E8EB2F4}.Debug|x64.Build.0 = Debug|x64
		{6D6956C6-8DFA-43EA-B6E5-72017E8EB2F4}.Debug|x86.ActiveCfg = Debug|Win32
		{6D6956C6-8DFA-43EA-B6E5-72017E8EB2F4}.Debug|x86.Build.0 = Debug|Win32
		{6D6956C6-8DFA-43EA-B6E5-72017E8EB2F4}.Release|x64.ActiveCfg = Release|x64
		{6D6956C6-8DFA-43EA-B6E5-72017E8EB2F4}.Release|x64.Build.0 = Release|x64
		{6D6956C6-8DFA-43EA-B6E5-72017E8EB2F4}.Release|x86.ActiveCfg = Release|Win32
		{6D6956C6-8DFA-43EA-B6E5-72017E8EB2F4}.Release|x86.Build.0 = Release|Win32
		{1C54FF55-442B-4771-8DBF-C2347A76CEC6}.Debug|x64.ActiveCfg = Debug|x64
		{1C54FF55-442B-4771-8DBF-C2347A76CEC6}.Debug|x64.Build.0 = Debug|x64
		{1C54FF55-442B-4771-8DBF-C2347A76CEC6}.Debug|x86.ActiveCfg = Debug|Win32
		{1C54FF55-442B-4771-8DBF-C2347A76CEC6}.Debug|x86.Build.0 = Debug|Win32
		{1C54FF55-442B-4771-8DBF-C2347A76CEC6}.Release|x64.ActiveCfg = Release|x64
		{1C54FF55-442B-4771-8DBF-C2347A76CEC6}.Release|x64.Build.0 = Release|x64
		{1C54FF55-442B-4771-8DBF-C2347A76CEC6}.Release|x86.ActiveCfg = Release|Win32
		{1C54FF55-442B-4771-8DBF-C2347A76CEC6}.Release|x86.Build.0 = Release|Win32
		{9BB458F3-FF1B-4B38-8360-4F67A1169AD4}.Debug|x64.ActiveCfg = Debug|x64
		{9BB458F3-FF1B-4B38-8360-4F67A1169AD4}.Debug|x64.Build.0 = Debug|x64
		{9BB458F3-FF1B-4B38-8360-4F67A1169AD4}.Debug|x86.ActiveCfg = Debug|Win32
		{9BB458F3-FF1B-4B38-8360-4F67A1169AD4}.Debug|x86.Build.0 = Debug|Win32
		{9BB458F3-FF1B-4B38-8360-4F67A1169AD4}.Release|x64.ActiveCfg = Release|x64
		{9BB458F3-FF1B-4B38-8360-4F67A1169AD4}.Release|x64.Build.0 = Release|x64
		{9BB458F3-FF1B-4B38-8360-4F67A1169AD4}.Release|x86.ActiveCfg = Release|Win32
		{9BB458F3-FF1B-4B38-8360-4F67A1169AD4}.Release|x86.Build.0 = Release|Win32
		{5E9796D6-6943-45C7-ADC1-23174A2F0D63}.Debug|x64.ActiveCfg = Debug|x64
		{5E9796D6-6943-45C7-ADC1-23174A2F0D63}.Debug|x64.Build.0 = Debug|x64
		{5E9796D6-6943-45C7-ADC1-23174A2F0D63}.Debug|x86.ActiveCfg = Debug|Win32
		{5E9796D6-6943-45C7-ADC1-23174A2F0D63}.Debug|x86.Build.0 = Debug|Win32
		{5E9796D6-6943-45C7-ADC1-23174A2F0D63}.Release|x64.ActiveCfg = Release|x64
		{5E9796D6-6943-45C7-ADC1-23174A2F0D63}.Release|x64.Build.0 = Release|x64
		{5E9796D6-6943-45C7-ADC1-23174A2F0D63}.Release|x86.ActiveCfg = Release|Win32
		{5E9796D6-6943-45C7-ADC1-23174A2F0D63}.Release|x86.Build.0 = Release|Win32
		{BF001B77-449A-4598-8534-1E828879B942}.Debug|x64.ActiveCfg = Debug|x64
		{BF001B77-449A-4598-8534-1E828879B942}.Debug|x64.Build.0 = Debug|x64
		{BF001B77-449A-4598-8534-1E828879B942}.Debug|x86.ActiveCfg = Debug|Win32
		{BF001B77-449A-4598-8534-1E828879B942}.Debug|x86.Build.0 = Debug|Win32
		{BF001B77-449A-4598-8534-1E828879B942}.Release|x64.ActiveCfg = Release|x64
		{BF001B77-449A-4598-8534-1E828879B942}.Release|x64.Build.0 = Release|x64
		{BF001B77-449A-4598-8534-1E828879B942}.Release|x86.ActiveCfg = Release|Win32
		{BF001B77-449A-4598-8534-1E828879B942}.Release|x86.Build.0 = Release|Win32
	EndGlobalSection
	GlobalSection(SolutionProperties) = preSolution
		HideSolutionNode = FALSE
	EndGlobalSection
EndGlobal
