
Microsoft Visual Studio Solution File, Format Version 12.00
# Visual Studio 14
VisualStudioVersion = 14.0.25420.1
MinimumVisualStudioVersion = 10.0.40219.1
Project("{8BC9CEB8-8B4A-11D0-8D11-00A0C91BC942}") = "PTA甲级备考", "PTA甲级备考\PTA甲级备考.vcxproj", "{DC1BBBA9-8A50-4FE6-82E1-87105C540B24}"
EndProject
Project("{8BC9CEB8-8B4A-11D0-8D11-00A0C91BC942}") = "PAT B1022 D进制A+B", "..\PAT B1022 D进制A+B\PAT B1022 D进制A+B.vcxproj", "{F43FD4F4-0EE8-4701-B2C9-6E8D81DD2677}"
EndProject
Project("{8BC9CEB8-8B4A-11D0-8D11-00A0C91BC942}") = "PAT B1009", "PAT B1009\PAT B1009.vcxproj", "{878F2306-3026-4A48-8B6A-8098E9DC2743}"
EndProject
Project("{8BC9CEB8-8B4A-11D0-8D11-00A0C91BC942}") = "PAT B1001", "PAT B1001\PAT B1001.vcxproj", "{272DE213-14EE-4B4B-AAC5-01FBDC5610C3}"
EndProject
Project("{8BC9CEB8-8B4A-11D0-8D11-00A0C91BC942}") = "PAT B1029 旧键盘 (20 分)", "PAT B1029 旧键盘 (20 分)\PAT B1029 旧键盘 (20 分).vcxproj", "{896B6845-14CE-4120-B93C-FEC941B06575}"
EndProject
Project("{8BC9CEB8-8B4A-11D0-8D11-00A0C91BC942}") = "PAT B1033 旧键盘打字", "PAT B1033 旧键盘打字\PAT B1033 旧键盘打字.vcxproj", "{96ACCBFC-6127-4D91-A522-4F493AD417C4}"
EndProject
Project("{8BC9CEB8-8B4A-11D0-8D11-00A0C91BC942}") = "1038 统计同成绩学生 (20 分)", "1038 统计同成绩学生 (20 分)\1038 统计同成绩学生 (20 分).vcxproj", "{E6394755-42C1-4447-8242-8065EDB9C615}"
EndProject
Project("{8BC9CEB8-8B4A-11D0-8D11-00A0C91BC942}") = "散列B1039", "散列B1039\散列B1039.vcxproj", "{4C4A9494-34FB-4364-A4E3-7B4E2EC614B4}"
EndProject
Project("{8BC9CEB8-8B4A-11D0-8D11-00A0C91BC942}") = "散列B1047", "散列B1047\散列B1047.vcxproj", "{F7FA4B9A-F54A-4D36-97DE-D935AF4E556B}"
EndProject
Project("{8BC9CEB8-8B4A-11D0-8D11-00A0C91BC942}") = "A 1041 Be Unique (20 分)", "A 1041 Be Unique (20 分)\A 1041 Be Unique (20 分).vcxproj", "{8EFC545B-096F-456D-B6B2-AE641C4127F6}"
EndProject
Project("{8BC9CEB8-8B4A-11D0-8D11-00A0C91BC942}") = "散列A1050", "散列A1050\散列A1050.vcxproj", "{4AD8681E-CD04-4F1D-A7E0-956A26598B9D}"
EndProject
Project("{8BC9CEB8-8B4A-11D0-8D11-00A0C91BC942}") = "散列A1048", "散列A1048\散列A1048.vcxproj", "{D172E560-3201-4CD8-A298-3D3EF9284525}"
EndProject
Project("{8BC9CEB8-8B4A-11D0-8D11-00A0C91BC942}") = "PAT A1003Dijkstra", "PAT A1003Dijkstra\PAT A1003Dijkstra.vcxproj", "{378E3A69-76F7-44A1-BBC8-A32D62DEBD3E}"
EndProject
Project("{8BC9CEB8-8B4A-11D0-8D11-00A0C91BC942}") = "AddFunction", "AddFunction\AddFunction.vcxproj", "{19306106-2622-411E-97CE-12C6E7497F85}"
EndProject
Project("{8BC9CEB8-8B4A-11D0-8D11-00A0C91BC942}") = "SleepFunTest", "SleepFunTest\SleepFunTest.vcxproj", "{D23DC239-46F7-4EFE-90D4-19AA572AA699}"
EndProject
Project("{8BC9CEB8-8B4A-11D0-8D11-00A0C91BC942}") = "MatCompute", "MatCompute\MatCompute.vcxproj", "{B7565E6C-FBA2-4159-AA19-C184F20E1B9B}"
EndProject
Global
	GlobalSection(SolutionConfigurationPlatforms) = preSolution
		Debug|x64 = Debug|x64
		Debug|x86 = Debug|x86
		Release|x64 = Release|x64
		Release|x86 = Release|x86
	EndGlobalSection
	GlobalSection(ProjectConfigurationPlatforms) = postSolution
		{DC1BBBA9-8A50-4FE6-82E1-87105C540B24}.Debug|x64.ActiveCfg = Debug|x64
		{DC1BBBA9-8A50-4FE6-82E1-87105C540B24}.Debug|x64.Build.0 = Debug|x64
		{DC1BBBA9-8A50-4FE6-82E1-87105C540B24}.Debug|x86.ActiveCfg = Debug|Win32
		{DC1BBBA9-8A50-4FE6-82E1-87105C540B24}.Debug|x86.Build.0 = Debug|Win32
		{DC1BBBA9-8A50-4FE6-82E1-87105C540B24}.Release|x64.ActiveCfg = Release|x64
		{DC1BBBA9-8A50-4FE6-82E1-87105C540B24}.Release|x64.Build.0 = Release|x64
		{DC1BBBA9-8A50-4FE6-82E1-87105C540B24}.Release|x86.ActiveCfg = Release|Win32
		{DC1BBBA9-8A50-4FE6-82E1-87105C540B24}.Release|x86.Build.0 = Release|Win32
		{F43FD4F4-0EE8-4701-B2C9-6E8D81DD2677}.Debug|x64.ActiveCfg = Debug|x64
		{F43FD4F4-0EE8-4701-B2C9-6E8D81DD2677}.Debug|x64.Build.0 = Debug|x64
		{F43FD4F4-0EE8-4701-B2C9-6E8D81DD2677}.Debug|x86.ActiveCfg = Debug|Win32
		{F43FD4F4-0EE8-4701-B2C9-6E8D81DD2677}.Debug|x86.Build.0 = Debug|Win32
		{F43FD4F4-0EE8-4701-B2C9-6E8D81DD2677}.Release|x64.ActiveCfg = Release|x64
		{F43FD4F4-0EE8-4701-B2C9-6E8D81DD2677}.Release|x64.Build.0 = Release|x64
		{F43FD4F4-0EE8-4701-B2C9-6E8D81DD2677}.Release|x86.ActiveCfg = Release|Win32
		{F43FD4F4-0EE8-4701-B2C9-6E8D81DD2677}.Release|x86.Build.0 = Release|Win32
		{878F2306-3026-4A48-8B6A-8098E9DC2743}.Debug|x64.ActiveCfg = Debug|x64
		{878F2306-3026-4A48-8B6A-8098E9DC2743}.Debug|x64.Build.0 = Debug|x64
		{878F2306-3026-4A48-8B6A-8098E9DC2743}.Debug|x86.ActiveCfg = Debug|Win32
		{878F2306-3026-4A48-8B6A-8098E9DC2743}.Debug|x86.Build.0 = Debug|Win32
		{878F2306-3026-4A48-8B6A-8098E9DC2743}.Release|x64.ActiveCfg = Release|x64
		{878F2306-3026-4A48-8B6A-8098E9DC2743}.Release|x64.Build.0 = Release|x64
		{878F2306-3026-4A48-8B6A-8098E9DC2743}.Release|x86.ActiveCfg = Release|Win32
		{878F2306-3026-4A48-8B6A-8098E9DC2743}.Release|x86.Build.0 = Release|Win32
		{272DE213-14EE-4B4B-AAC5-01FBDC5610C3}.Debug|x64.ActiveCfg = Debug|x64
		{272DE213-14EE-4B4B-AAC5-01FBDC5610C3}.Debug|x64.Build.0 = Debug|x64
		{272DE213-14EE-4B4B-AAC5-01FBDC5610C3}.Debug|x86.ActiveCfg = Debug|Win32
		{272DE213-14EE-4B4B-AAC5-01FBDC5610C3}.Debug|x86.Build.0 = Debug|Win32
		{272DE213-14EE-4B4B-AAC5-01FBDC5610C3}.Release|x64.ActiveCfg = Release|x64
		{272DE213-14EE-4B4B-AAC5-01FBDC5610C3}.Release|x64.Build.0 = Release|x64
		{272DE213-14EE-4B4B-AAC5-01FBDC5610C3}.Release|x86.ActiveCfg = Release|Win32
		{272DE213-14EE-4B4B-AAC5-01FBDC5610C3}.Release|x86.Build.0 = Release|Win32
		{896B6845-14CE-4120-B93C-FEC941B06575}.Debug|x64.ActiveCfg = Debug|x64
		{896B6845-14CE-4120-B93C-FEC941B06575}.Debug|x64.Build.0 = Debug|x64
		{896B6845-14CE-4120-B93C-FEC941B06575}.Debug|x86.ActiveCfg = Debug|Win32
		{896B6845-14CE-4120-B93C-FEC941B06575}.Debug|x86.Build.0 = Debug|Win32
		{896B6845-14CE-4120-B93C-FEC941B06575}.Release|x64.ActiveCfg = Release|x64
		{896B6845-14CE-4120-B93C-FEC941B06575}.Release|x64.Build.0 = Release|x64
		{896B6845-14CE-4120-B93C-FEC941B06575}.Release|x86.ActiveCfg = Release|Win32
		{896B6845-14CE-4120-B93C-FEC941B06575}.Release|x86.Build.0 = Release|Win32
		{96ACCBFC-6127-4D91-A522-4F493AD417C4}.Debug|x64.ActiveCfg = Debug|x64
		{96ACCBFC-6127-4D91-A522-4F493AD417C4}.Debug|x64.Build.0 = Debug|x64
		{96ACCBFC-6127-4D91-A522-4F493AD417C4}.Debug|x86.ActiveCfg = Debug|Win32
		{96ACCBFC-6127-4D91-A522-4F493AD417C4}.Debug|x86.Build.0 = Debug|Win32
		{96ACCBFC-6127-4D91-A522-4F493AD417C4}.Release|x64.ActiveCfg = Release|x64
		{96ACCBFC-6127-4D91-A522-4F493AD417C4}.Release|x64.Build.0 = Release|x64
		{96ACCBFC-6127-4D91-A522-4F493AD417C4}.Release|x86.ActiveCfg = Release|Win32
		{96ACCBFC-6127-4D91-A522-4F493AD417C4}.Release|x86.Build.0 = Release|Win32
		{E6394755-42C1-4447-8242-8065EDB9C615}.Debug|x64.ActiveCfg = Debug|x64
		{E6394755-42C1-4447-8242-8065EDB9C615}.Debug|x64.Build.0 = Debug|x64
		{E6394755-42C1-4447-8242-8065EDB9C615}.Debug|x86.ActiveCfg = Debug|Win32
		{E6394755-42C1-4447-8242-8065EDB9C615}.Debug|x86.Build.0 = Debug|Win32
		{E6394755-42C1-4447-8242-8065EDB9C615}.Release|x64.ActiveCfg = Release|x64
		{E6394755-42C1-4447-8242-8065EDB9C615}.Release|x64.Build.0 = Release|x64
		{E6394755-42C1-4447-8242-8065EDB9C615}.Release|x86.ActiveCfg = Release|Win32
		{E6394755-42C1-4447-8242-8065EDB9C615}.Release|x86.Build.0 = Release|Win32
		{4C4A9494-34FB-4364-A4E3-7B4E2EC614B4}.Debug|x64.ActiveCfg = Debug|x64
		{4C4A9494-34FB-4364-A4E3-7B4E2EC614B4}.Debug|x64.Build.0 = Debug|x64
		{4C4A9494-34FB-4364-A4E3-7B4E2EC614B4}.Debug|x86.ActiveCfg = Debug|Win32
		{4C4A9494-34FB-4364-A4E3-7B4E2EC614B4}.Debug|x86.Build.0 = Debug|Win32
		{4C4A9494-34FB-4364-A4E3-7B4E2EC614B4}.Release|x64.ActiveCfg = Release|x64
		{4C4A9494-34FB-4364-A4E3-7B4E2EC614B4}.Release|x64.Build.0 = Release|x64
		{4C4A9494-34FB-4364-A4E3-7B4E2EC614B4}.Release|x86.ActiveCfg = Release|Win32
		{4C4A9494-34FB-4364-A4E3-7B4E2EC614B4}.Release|x86.Build.0 = Release|Win32
		{F7FA4B9A-F54A-4D36-97DE-D935AF4E556B}.Debug|x64.ActiveCfg = Debug|x64
		{F7FA4B9A-F54A-4D36-97DE-D935AF4E556B}.Debug|x64.Build.0 = Debug|x64
		{F7FA4B9A-F54A-4D36-97DE-D935AF4E556B}.Debug|x86.ActiveCfg = Debug|Win32
		{F7FA4B9A-F54A-4D36-97DE-D935AF4E556B}.Debug|x86.Build.0 = Debug|Win32
		{F7FA4B9A-F54A-4D36-97DE-D935AF4E556B}.Release|x64.ActiveCfg = Release|x64
		{F7FA4B9A-F54A-4D36-97DE-D935AF4E556B}.Release|x64.Build.0 = Release|x64
		{F7FA4B9A-F54A-4D36-97DE-D935AF4E556B}.Release|x86.ActiveCfg = Release|Win32
		{F7FA4B9A-F54A-4D36-97DE-D935AF4E556B}.Release|x86.Build.0 = Release|Win32
		{8EFC545B-096F-456D-B6B2-AE641C4127F6}.Debug|x64.ActiveCfg = Debug|x64
		{8EFC545B-096F-456D-B6B2-AE641C4127F6}.Debug|x64.Build.0 = Debug|x64
		{8EFC545B-096F-456D-B6B2-AE641C4127F6}.Debug|x86.ActiveCfg = Debug|Win32
		{8EFC545B-096F-456D-B6B2-AE641C4127F6}.Debug|x86.Build.0 = Debug|Win32
		{8EFC545B-096F-456D-B6B2-AE641C4127F6}.Release|x64.ActiveCfg = Release|x64
		{8EFC545B-096F-456D-B6B2-AE641C4127F6}.Release|x64.Build.0 = Release|x64
		{8EFC545B-096F-456D-B6B2-AE641C4127F6}.Release|x86.ActiveCfg = Release|Win32
		{8EFC545B-096F-456D-B6B2-AE641C4127F6}.Release|x86.Build.0 = Release|Win32
		{4AD8681E-CD04-4F1D-A7E0-956A26598B9D}.Debug|x64.ActiveCfg = Debug|x64
		{4AD8681E-CD04-4F1D-A7E0-956A26598B9D}.Debug|x64.Build.0 = Debug|x64
		{4AD8681E-CD04-4F1D-A7E0-956A26598B9D}.Debug|x86.ActiveCfg = Debug|Win32
		{4AD8681E-CD04-4F1D-A7E0-956A26598B9D}.Debug|x86.Build.0 = Debug|Win32
		{4AD8681E-CD04-4F1D-A7E0-956A26598B9D}.Release|x64.ActiveCfg = Release|x64
		{4AD8681E-CD04-4F1D-A7E0-956A26598B9D}.Release|x64.Build.0 = Release|x64
		{4AD8681E-CD04-4F1D-A7E0-956A26598B9D}.Release|x86.ActiveCfg = Release|Win32
		{4AD8681E-CD04-4F1D-A7E0-956A26598B9D}.Release|x86.Build.0 = Release|Win32
		{D172E560-3201-4CD8-A298-3D3EF9284525}.Debug|x64.ActiveCfg = Debug|x64
		{D172E560-3201-4CD8-A298-3D3EF9284525}.Debug|x64.Build.0 = Debug|x64
		{D172E560-3201-4CD8-A298-3D3EF9284525}.Debug|x86.ActiveCfg = Debug|Win32
		{D172E560-3201-4CD8-A298-3D3EF9284525}.Debug|x86.Build.0 = Debug|Win32
		{D172E560-3201-4CD8-A298-3D3EF9284525}.Release|x64.ActiveCfg = Release|x64
		{D172E560-3201-4CD8-A298-3D3EF9284525}.Release|x64.Build.0 = Release|x64
		{D172E560-3201-4CD8-A298-3D3EF9284525}.Release|x86.ActiveCfg = Release|Win32
		{D172E560-3201-4CD8-A298-3D3EF9284525}.Release|x86.Build.0 = Release|Win32
		{378E3A69-76F7-44A1-BBC8-A32D62DEBD3E}.Debug|x64.ActiveCfg = Debug|x64
		{378E3A69-76F7-44A1-BBC8-A32D62DEBD3E}.Debug|x64.Build.0 = Debug|x64
		{378E3A69-76F7-44A1-BBC8-A32D62DEBD3E}.Debug|x86.ActiveCfg = Debug|Win32
		{378E3A69-76F7-44A1-BBC8-A32D62DEBD3E}.Debug|x86.Build.0 = Debug|Win32
		{378E3A69-76F7-44A1-BBC8-A32D62DEBD3E}.Release|x64.ActiveCfg = Release|x64
		{378E3A69-76F7-44A1-BBC8-A32D62DEBD3E}.Release|x64.Build.0 = Release|x64
		{378E3A69-76F7-44A1-BBC8-A32D62DEBD3E}.Release|x86.ActiveCfg = Release|Win32
		{378E3A69-76F7-44A1-BBC8-A32D62DEBD3E}.Release|x86.Build.0 = Release|Win32
		{19306106-2622-411E-97CE-12C6E7497F85}.Debug|x64.ActiveCfg = Debug|x64
		{19306106-2622-411E-97CE-12C6E7497F85}.Debug|x64.Build.0 = Debug|x64
		{19306106-2622-411E-97CE-12C6E7497F85}.Debug|x86.ActiveCfg = Debug|Win32
		{19306106-2622-411E-97CE-12C6E7497F85}.Debug|x86.Build.0 = Debug|Win32
		{19306106-2622-411E-97CE-12C6E7497F85}.Release|x64.ActiveCfg = Release|x64
		{19306106-2622-411E-97CE-12C6E7497F85}.Release|x64.Build.0 = Release|x64
		{19306106-2622-411E-97CE-12C6E7497F85}.Release|x86.ActiveCfg = Release|Win32
		{19306106-2622-411E-97CE-12C6E7497F85}.Release|x86.Build.0 = Release|Win32
		{D23DC239-46F7-4EFE-90D4-19AA572AA699}.Debug|x64.ActiveCfg = Debug|x64
		{D23DC239-46F7-4EFE-90D4-19AA572AA699}.Debug|x64.Build.0 = Debug|x64
		{D23DC239-46F7-4EFE-90D4-19AA572AA699}.Debug|x86.ActiveCfg = Debug|Win32
		{D23DC239-46F7-4EFE-90D4-19AA572AA699}.Debug|x86.Build.0 = Debug|Win32
		{D23DC239-46F7-4EFE-90D4-19AA572AA699}.Release|x64.ActiveCfg = Release|x64
		{D23DC239-46F7-4EFE-90D4-19AA572AA699}.Release|x64.Build.0 = Release|x64
		{D23DC239-46F7-4EFE-90D4-19AA572AA699}.Release|x86.ActiveCfg = Release|Win32
		{D23DC239-46F7-4EFE-90D4-19AA572AA699}.Release|x86.Build.0 = Release|Win32
		{B7565E6C-FBA2-4159-AA19-C184F20E1B9B}.Debug|x64.ActiveCfg = Debug|x64
		{B7565E6C-FBA2-4159-AA19-C184F20E1B9B}.Debug|x64.Build.0 = Debug|x64
		{B7565E6C-FBA2-4159-AA19-C184F20E1B9B}.Debug|x86.ActiveCfg = Debug|Win32
		{B7565E6C-FBA2-4159-AA19-C184F20E1B9B}.Debug|x86.Build.0 = Debug|Win32
		{B7565E6C-FBA2-4159-AA19-C184F20E1B9B}.Release|x64.ActiveCfg = Release|x64
		{B7565E6C-FBA2-4159-AA19-C184F20E1B9B}.Release|x64.Build.0 = Release|x64
		{B7565E6C-FBA2-4159-AA19-C184F20E1B9B}.Release|x86.ActiveCfg = Release|Win32
		{B7565E6C-FBA2-4159-AA19-C184F20E1B9B}.Release|x86.Build.0 = Release|Win32
	EndGlobalSection
	GlobalSection(SolutionProperties) = preSolution
		HideSolutionNode = FALSE
	EndGlobalSection
EndGlobal
